
Microsoft Visual Studio Solution File, Format Version 12.00
# Visual Studio Version 17
VisualStudioVersion = 17.4.33403.182
MinimumVisualStudioVersion = 10.0.40219.1
Project("{9A19103F-16F7-4668-BE54-9A1E7A4F7556}") = "ElmSharp", "src\ElmSharp.csproj", "{A725E7C7-4B44-4D92-8FD8-6707402C18DE}"
EndProject
Project("{2150E333-8FDC-42A3-9474-1A3956D46DE8}") = "examples", "examples", "{115D3D6A-0E66-4C56-BA0E-EC4A7ACC17F9}"
EndProject
Project("{FAE04EC0-301F-11D3-BF4B-00C04F79EFBC}") = "GuessingGame", "examples\GuessingGame\GuessingGame.csproj", "{9ABCC66D-51BF-4122-8E07-DC7483F49B22}"
EndProject
Global
	GlobalSection(SolutionConfigurationPlatforms) = preSolution
		Debug|Any CPU = Debug|Any CPU
		Release|Any CPU = Release|Any CPU
	EndGlobalSection
	GlobalSection(ProjectConfigurationPlatforms) = postSolution
		{A725E7C7-4B44-4D92-8FD8-6707402C18DE}.Debug|Any CPU.ActiveCfg = Debug|Any CPU
		{A725E7C7-4B44-4D92-8FD8-6707402C18DE}.Debug|Any CPU.Build.0 = Debug|Any CPU
		{A725E7C7-4B44-4D92-8FD8-6707402C18DE}.Release|Any CPU.ActiveCfg = Release|Any CPU
		{A725E7C7-4B44-4D92-8FD8-6707402C18DE}.Release|Any CPU.Build.0 = Release|Any CPU
		{9ABCC66D-51BF-4122-8E07-DC7483F49B22}.Debug|Any CPU.ActiveCfg = Debug|Any CPU
		{9ABCC66D-51BF-4122-8E07-DC7483F49B22}.Debug|Any CPU.Build.0 = Debug|Any CPU
		{9ABCC66D-51BF-4122-8E07-DC7483F49B22}.Release|Any CPU.ActiveCfg = Release|Any CPU
		{9ABCC66D-51BF-4122-8E07-DC7483F49B22}.Release|Any CPU.Build.0 = Release|Any CPU
	EndGlobalSection
	GlobalSection(SolutionProperties) = preSolution
		HideSolutionNode = FALSE
	EndGlobalSection
	GlobalSection(NestedProjects) = preSolution
		{9ABCC66D-51BF-4122-8E07-DC7483F49B22} = {115D3D6A-0E66-4C56-BA0E-EC4A7ACC17F9}
	EndGlobalSection
	GlobalSection(ExtensibilityGlobals) = postSolution
		SolutionGuid = {6870EAC5-0DBA-4478-88D2-F57435382EEA}
	EndGlobalSection
EndGlobal
